
Microsoft Visual Studio Solution File, Format Version 12.00
# Visual Studio 15
VisualStudioVersion = 15.0.26430.6
MinimumVisualStudioVersion = 10.0.40219.1
Project("{2150E333-8FDC-42A3-9474-1A3956D46DE8}") = "1. Functional Numeral System", "1. Functional Numeral System", "{5D37A937-2105-4A12-BA4D-0158EF64DB2C}"
EndProject
Project("{FAE04EC0-301F-11D3-BF4B-00C04F79EFBC}") = "FunctionalNumeralSystem", "FunctionalNumeralSystem\FunctionalNumeralSystem.csproj", "{FE6C4EDA-07E9-425C-9DC4-485AB52ACF1D}"
EndProject
Project("{2150E333-8FDC-42A3-9474-1A3956D46DE8}") = "2. Cards", "2. Cards", "{F279428F-2A9E-407F-B683-701892242601}"
EndProject
Project("{FAE04EC0-301F-11D3-BF4B-00C04F79EFBC}") = "Cards", "Cards\Cards.csproj", "{8D7F53F3-40BA-4FF5-8CB2-F0906ADCF223}"
EndProject
Project("{2150E333-8FDC-42A3-9474-1A3956D46DE8}") = "3. Snacky the Snake", "3. Snacky the Snake", "{E7F2851E-3032-48F8-AF56-2E84FB87C49E}"
EndProject
Project("{FAE04EC0-301F-11D3-BF4B-00C04F79EFBC}") = "SnackyTheSnake", "SnackyTheSnake\SnackyTheSnake.csproj", "{0A7E5E10-1C38-445D-A03F-79DB40ACB0A1}"
EndProject
Global
	GlobalSection(SolutionConfigurationPlatforms) = preSolution
		Debug|Any CPU = Debug|Any CPU
		Release|Any CPU = Release|Any CPU
	EndGlobalSection
	GlobalSection(ProjectConfigurationPlatforms) = postSolution
		{FE6C4EDA-07E9-425C-9DC4-485AB52ACF1D}.Debug|Any CPU.ActiveCfg = Debug|Any CPU
		{FE6C4EDA-07E9-425C-9DC4-485AB52ACF1D}.Debug|Any CPU.Build.0 = Debug|Any CPU
		{FE6C4EDA-07E9-425C-9DC4-485AB52ACF1D}.Release|Any CPU.ActiveCfg = Release|Any CPU
		{FE6C4EDA-07E9-425C-9DC4-485AB52ACF1D}.Release|Any CPU.Build.0 = Release|Any CPU
		{8D7F53F3-40BA-4FF5-8CB2-F0906ADCF223}.Debug|Any CPU.ActiveCfg = Debug|Any CPU
		{8D7F53F3-40BA-4FF5-8CB2-F0906ADCF223}.Debug|Any CPU.Build.0 = Debug|Any CPU
		{8D7F53F3-40BA-4FF5-8CB2-F0906ADCF223}.Release|Any CPU.ActiveCfg = Release|Any CPU
		{8D7F53F3-40BA-4FF5-8CB2-F0906ADCF223}.Release|Any CPU.Build.0 = Release|Any CPU
		{0A7E5E10-1C38-445D-A03F-79DB40ACB0A1}.Debug|Any CPU.ActiveCfg = Debug|Any CPU
		{0A7E5E10-1C38-445D-A03F-79DB40ACB0A1}.Debug|Any CPU.Build.0 = Debug|Any CPU
		{0A7E5E10-1C38-445D-A03F-79DB40ACB0A1}.Release|Any CPU.ActiveCfg = Release|Any CPU
		{0A7E5E10-1C38-445D-A03F-79DB40ACB0A1}.Release|Any CPU.Build.0 = Release|Any CPU
	EndGlobalSection
	GlobalSection(SolutionProperties) = preSolution
		HideSolutionNode = FALSE
	EndGlobalSection
	GlobalSection(NestedProjects) = preSolution
		{FE6C4EDA-07E9-425C-9DC4-485AB52ACF1D} = {5D37A937-2105-4A12-BA4D-0158EF64DB2C}
		{8D7F53F3-40BA-4FF5-8CB2-F0906ADCF223} = {F279428F-2A9E-407F-B683-701892242601}
		{0A7E5E10-1C38-445D-A03F-79DB40ACB0A1} = {E7F2851E-3032-48F8-AF56-2E84FB87C49E}
	EndGlobalSection
EndGlobal
