
Microsoft Visual Studio Solution File, Format Version 12.00
# Visual Studio 15
VisualStudioVersion = 15.0.26430.6
MinimumVisualStudioVersion = 10.0.40219.1
Project("{2150E333-8FDC-42A3-9474-1A3956D46DE8}") = "1.Feathers", "1.Feathers", "{52B15E00-1266-44CB-B016-A96F6A1125A9}"
EndProject
Project("{FAE04EC0-301F-11D3-BF4B-00C04F79EFBC}") = "Feathers", "Feathers\Feathers.csproj", "{F8BC4A30-EE67-4CE4-B16E-E33F1122933D}"
EndProject
Project("{2150E333-8FDC-42A3-9474-1A3956D46DE8}") = "2.Busses", "2.Busses", "{2C65BEDF-BCC2-45F1-A2CC-8838C4772946}"
EndProject
Project("{FAE04EC0-301F-11D3-BF4B-00C04F79EFBC}") = "Busses", "Busses\Busses.csproj", "{432A7D61-4565-4D1A-A2F5-6E1576AB27DA}"
EndProject
Project("{2150E333-8FDC-42A3-9474-1A3956D46DE8}") = "3.NumberOfDigits - Morning", "3.NumberOfDigits - Morning", "{5F27CAC9-25B8-4C14-8EDF-8B1237CFFD8F}"
EndProject
Project("{FAE04EC0-301F-11D3-BF4B-00C04F79EFBC}") = "NumberOfDigits", "NumberOfDigits\NumberOfDigits.csproj", "{65CA1AE9-ECDA-4CC1-A952-AFB2788AFB66}"
EndProject
Project("{2150E333-8FDC-42A3-9474-1A3956D46DE8}") = "3.NumberOfPages - Evening", "3.NumberOfPages - Evening", "{5B035F10-A61F-401B-8505-E5E53AB3E314}"
EndProject
Project("{FAE04EC0-301F-11D3-BF4B-00C04F79EFBC}") = "NumberOfPages", "NumberOfPages\NumberOfPages.csproj", "{CDE46269-1FAF-4A3B-A004-63AF23B4ADE6}"
EndProject
Project("{2150E333-8FDC-42A3-9474-1A3956D46DE8}") = "4.Batman", "4.Batman", "{5C68348D-9C75-4B58-8A7E-12E2DDCA60A0}"
EndProject
Project("{FAE04EC0-301F-11D3-BF4B-00C04F79EFBC}") = "Batman", "Batman\Batman.csproj", "{EE29003D-EBFE-45C7-AC85-D61CC40CFDD5}"
EndProject
Project("{2150E333-8FDC-42A3-9474-1A3956D46DE8}") = "5.BobbyAvokadoto", "5.BobbyAvokadoto", "{BB46F1BB-B8EF-44B3-80AE-9F9E25A782FF}"
EndProject
Project("{FAE04EC0-301F-11D3-BF4B-00C04F79EFBC}") = "BobbyAvokadoto", "BobbyAvokadoto\BobbyAvokadoto.csproj", "{751E715B-6D03-4E7D-AAB1-816658B92808}"
EndProject
Global
	GlobalSection(SolutionConfigurationPlatforms) = preSolution
		Debug|Any CPU = Debug|Any CPU
		Release|Any CPU = Release|Any CPU
	EndGlobalSection
	GlobalSection(ProjectConfigurationPlatforms) = postSolution
		{F8BC4A30-EE67-4CE4-B16E-E33F1122933D}.Debug|Any CPU.ActiveCfg = Debug|Any CPU
		{F8BC4A30-EE67-4CE4-B16E-E33F1122933D}.Debug|Any CPU.Build.0 = Debug|Any CPU
		{F8BC4A30-EE67-4CE4-B16E-E33F1122933D}.Release|Any CPU.ActiveCfg = Release|Any CPU
		{F8BC4A30-EE67-4CE4-B16E-E33F1122933D}.Release|Any CPU.Build.0 = Release|Any CPU
		{432A7D61-4565-4D1A-A2F5-6E1576AB27DA}.Debug|Any CPU.ActiveCfg = Debug|Any CPU
		{432A7D61-4565-4D1A-A2F5-6E1576AB27DA}.Debug|Any CPU.Build.0 = Debug|Any CPU
		{432A7D61-4565-4D1A-A2F5-6E1576AB27DA}.Release|Any CPU.ActiveCfg = Release|Any CPU
		{432A7D61-4565-4D1A-A2F5-6E1576AB27DA}.Release|Any CPU.Build.0 = Release|Any CPU
		{65CA1AE9-ECDA-4CC1-A952-AFB2788AFB66}.Debug|Any CPU.ActiveCfg = Debug|Any CPU
		{65CA1AE9-ECDA-4CC1-A952-AFB2788AFB66}.Debug|Any CPU.Build.0 = Debug|Any CPU
		{65CA1AE9-ECDA-4CC1-A952-AFB2788AFB66}.Release|Any CPU.ActiveCfg = Release|Any CPU
		{65CA1AE9-ECDA-4CC1-A952-AFB2788AFB66}.Release|Any CPU.Build.0 = Release|Any CPU
		{CDE46269-1FAF-4A3B-A004-63AF23B4ADE6}.Debug|Any CPU.ActiveCfg = Debug|Any CPU
		{CDE46269-1FAF-4A3B-A004-63AF23B4ADE6}.Debug|Any CPU.Build.0 = Debug|Any CPU
		{CDE46269-1FAF-4A3B-A004-63AF23B4ADE6}.Release|Any CPU.ActiveCfg = Release|Any CPU
		{CDE46269-1FAF-4A3B-A004-63AF23B4ADE6}.Release|Any CPU.Build.0 = Release|Any CPU
		{EE29003D-EBFE-45C7-AC85-D61CC40CFDD5}.Debug|Any CPU.ActiveCfg = Debug|Any CPU
		{EE29003D-EBFE-45C7-AC85-D61CC40CFDD5}.Debug|Any CPU.Build.0 = Debug|Any CPU
		{EE29003D-EBFE-45C7-AC85-D61CC40CFDD5}.Release|Any CPU.ActiveCfg = Release|Any CPU
		{EE29003D-EBFE-45C7-AC85-D61CC40CFDD5}.Release|Any CPU.Build.0 = Release|Any CPU
		{751E715B-6D03-4E7D-AAB1-816658B92808}.Debug|Any CPU.ActiveCfg = Debug|Any CPU
		{751E715B-6D03-4E7D-AAB1-816658B92808}.Debug|Any CPU.Build.0 = Debug|Any CPU
		{751E715B-6D03-4E7D-AAB1-816658B92808}.Release|Any CPU.ActiveCfg = Release|Any CPU
		{751E715B-6D03-4E7D-AAB1-816658B92808}.Release|Any CPU.Build.0 = Release|Any CPU
	EndGlobalSection
	GlobalSection(SolutionProperties) = preSolution
		HideSolutionNode = FALSE
	EndGlobalSection
	GlobalSection(NestedProjects) = preSolution
		{F8BC4A30-EE67-4CE4-B16E-E33F1122933D} = {52B15E00-1266-44CB-B016-A96F6A1125A9}
		{432A7D61-4565-4D1A-A2F5-6E1576AB27DA} = {2C65BEDF-BCC2-45F1-A2CC-8838C4772946}
		{65CA1AE9-ECDA-4CC1-A952-AFB2788AFB66} = {5F27CAC9-25B8-4C14-8EDF-8B1237CFFD8F}
		{CDE46269-1FAF-4A3B-A004-63AF23B4ADE6} = {5B035F10-A61F-401B-8505-E5E53AB3E314}
		{EE29003D-EBFE-45C7-AC85-D61CC40CFDD5} = {5C68348D-9C75-4B58-8A7E-12E2DDCA60A0}
		{751E715B-6D03-4E7D-AAB1-816658B92808} = {BB46F1BB-B8EF-44B3-80AE-9F9E25A782FF}
	EndGlobalSection
EndGlobal
