
Microsoft Visual Studio Solution File, Format Version 12.00
# Visual Studio 15
VisualStudioVersion = 15.0.26430.6
MinimumVisualStudioVersion = 10.0.40219.1
Project("{2150E333-8FDC-42A3-9474-1A3956D46DE8}") = "1. Magical numbers", "1. Magical numbers", "{91869D08-E68E-445E-93C2-B40DADC6F6A4}"
EndProject
Project("{FAE04EC0-301F-11D3-BF4B-00C04F79EFBC}") = "MagicalNumbers", "MagicalNumbers\MagicalNumbers.csproj", "{E35869EF-6478-468D-9403-9E4C53A2C9A0}"
EndProject
Project("{2150E333-8FDC-42A3-9474-1A3956D46DE8}") = "2. Going to a party", "2. Going to a party", "{E0EBBBF4-6926-417B-9995-905D72F31AD6}"
EndProject
Project("{FAE04EC0-301F-11D3-BF4B-00C04F79EFBC}") = "GoingToParty", "GoingToParty\GoingToParty.csproj", "{C61A8B05-D465-4DF4-A023-1C5E7C14B68B}"
EndProject
Project("{2150E333-8FDC-42A3-9474-1A3956D46DE8}") = "3. Secret Message", "3. Secret Message", "{8D6B080F-F88F-4793-9550-1F99391D54F5}"
EndProject
Project("{FAE04EC0-301F-11D3-BF4B-00C04F79EFBC}") = "SecretMessage", "SecretMessage\SecretMessage.csproj", "{D65261FB-F180-42B0-AC11-271DAF05407E}"
EndProject
Project("{2150E333-8FDC-42A3-9474-1A3956D46DE8}") = "4. Merging numbers", "4. Merging numbers", "{4D918E3A-CDD2-4B5D-94E6-C41086C5E47A}"
EndProject
Project("{FAE04EC0-301F-11D3-BF4B-00C04F79EFBC}") = "MergingNumbers", "MergingNumbers\MergingNumbers.csproj", "{9217F95D-FC2D-41D2-9625-111A50974EEA}"
EndProject
Global
	GlobalSection(SolutionConfigurationPlatforms) = preSolution
		Debug|Any CPU = Debug|Any CPU
		Release|Any CPU = Release|Any CPU
	EndGlobalSection
	GlobalSection(ProjectConfigurationPlatforms) = postSolution
		{E35869EF-6478-468D-9403-9E4C53A2C9A0}.Debug|Any CPU.ActiveCfg = Debug|Any CPU
		{E35869EF-6478-468D-9403-9E4C53A2C9A0}.Debug|Any CPU.Build.0 = Debug|Any CPU
		{E35869EF-6478-468D-9403-9E4C53A2C9A0}.Release|Any CPU.ActiveCfg = Release|Any CPU
		{E35869EF-6478-468D-9403-9E4C53A2C9A0}.Release|Any CPU.Build.0 = Release|Any CPU
		{C61A8B05-D465-4DF4-A023-1C5E7C14B68B}.Debug|Any CPU.ActiveCfg = Debug|Any CPU
		{C61A8B05-D465-4DF4-A023-1C5E7C14B68B}.Debug|Any CPU.Build.0 = Debug|Any CPU
		{C61A8B05-D465-4DF4-A023-1C5E7C14B68B}.Release|Any CPU.ActiveCfg = Release|Any CPU
		{C61A8B05-D465-4DF4-A023-1C5E7C14B68B}.Release|Any CPU.Build.0 = Release|Any CPU
		{D65261FB-F180-42B0-AC11-271DAF05407E}.Debug|Any CPU.ActiveCfg = Debug|Any CPU
		{D65261FB-F180-42B0-AC11-271DAF05407E}.Debug|Any CPU.Build.0 = Debug|Any CPU
		{D65261FB-F180-42B0-AC11-271DAF05407E}.Release|Any CPU.ActiveCfg = Release|Any CPU
		{D65261FB-F180-42B0-AC11-271DAF05407E}.Release|Any CPU.Build.0 = Release|Any CPU
		{9217F95D-FC2D-41D2-9625-111A50974EEA}.Debug|Any CPU.ActiveCfg = Debug|Any CPU
		{9217F95D-FC2D-41D2-9625-111A50974EEA}.Debug|Any CPU.Build.0 = Debug|Any CPU
		{9217F95D-FC2D-41D2-9625-111A50974EEA}.Release|Any CPU.ActiveCfg = Release|Any CPU
		{9217F95D-FC2D-41D2-9625-111A50974EEA}.Release|Any CPU.Build.0 = Release|Any CPU
	EndGlobalSection
	GlobalSection(SolutionProperties) = preSolution
		HideSolutionNode = FALSE
	EndGlobalSection
	GlobalSection(NestedProjects) = preSolution
		{E35869EF-6478-468D-9403-9E4C53A2C9A0} = {91869D08-E68E-445E-93C2-B40DADC6F6A4}
		{C61A8B05-D465-4DF4-A023-1C5E7C14B68B} = {E0EBBBF4-6926-417B-9995-905D72F31AD6}
		{D65261FB-F180-42B0-AC11-271DAF05407E} = {8D6B080F-F88F-4793-9550-1F99391D54F5}
		{9217F95D-FC2D-41D2-9625-111A50974EEA} = {4D918E3A-CDD2-4B5D-94E6-C41086C5E47A}
	EndGlobalSection
EndGlobal
